// !$*UTF8*$!
{
	archiveVersion = 1;
	classes = {
	};
	objectVersion = 50;
	objects = {

/* Begin PBXBuildFile section */
		4318B782213124F2008D4926 /* AppDelegate.swift in Sources */ = {isa = PBXBuildFile; fileRef = 4318B781213124F2008D4926 /* AppDelegate.swift */; };
		4318B784213124F2008D4926 /* ViewController.swift in Sources */ = {isa = PBXBuildFile; fileRef = 4318B783213124F2008D4926 /* ViewController.swift */; };
		4318B787213124F2008D4926 /* Main.storyboard in Resources */ = {isa = PBXBuildFile; fileRef = 4318B785213124F2008D4926 /* Main.storyboard */; };
		4318B789213124F2008D4926 /* Assets.xcassets in Resources */ = {isa = PBXBuildFile; fileRef = 4318B788213124F2008D4926 /* Assets.xcassets */; };
		4318B78C213124F2008D4926 /* LaunchScreen.storyboard in Resources */ = {isa = PBXBuildFile; fileRef = 4318B78A213124F2008D4926 /* LaunchScreen.storyboard */; };
		4318B797213124F3008D4926 /* ex_reactor_kitTests.swift in Sources */ = {isa = PBXBuildFile; fileRef = 4318B796213124F3008D4926 /* ex_reactor_kitTests.swift */; };
		4318B7A2213124F3008D4926 /* ex_reactor_kitUITests.swift in Sources */ = {isa = PBXBuildFile; fileRef = 4318B7A1213124F3008D4926 /* ex_reactor_kitUITests.swift */; };
/* End PBXBuildFile section */

/* Begin PBXContainerItemProxy section */
		4318B793213124F3008D4926 /* PBXContainerItemProxy */ = {
			isa = PBXContainerItemProxy;
			containerPortal = 4318B776213124F2008D4926 /* Project object */;
			proxyType = 1;
			remoteGlobalIDString = 4318B77D213124F2008D4926;
			remoteInfo = "ex-reactor-kit";
		};
		4318B79E213124F3008D4926 /* PBXContainerItemProxy */ = {
			isa = PBXContainerItemProxy;
			containerPortal = 4318B776213124F2008D4926 /* Project object */;
			proxyType = 1;
			remoteGlobalIDString = 4318B77D213124F2008D4926;
			remoteInfo = "ex-reactor-kit";
		};
/* End PBXContainerItemProxy section */

/* Begin PBXFileReference section */
		4318B77E213124F2008D4926 /* ex-reactor-kit.app */ = {isa = PBXFileReference; explicitFileType = wrapper.application; includeInIndex = 0; path = "ex-reactor-kit.app"; sourceTree = BUILT_PRODUCTS_DIR; };
		4318B781213124F2008D4926 /* AppDelegate.swift */ = {isa = PBXFileReference; lastKnownFileType = sourcecode.swift; path = AppDelegate.swift; sourceTree = "<group>"; };
		4318B783213124F2008D4926 /* ViewController.swift */ = {isa = PBXFileReference; lastKnownFileType = sourcecode.swift; path = ViewController.swift; sourceTree = "<group>"; };
		4318B786213124F2008D4926 /* Base */ = {isa = PBXFileReference; lastKnownFileType = file.storyboard; name = Base; path = Base.lproj/Main.storyboard; sourceTree = "<group>"; };
		4318B788213124F2008D4926 /* Assets.xcassets */ = {isa = PBXFileReference; lastKnownFileType = folder.assetcatalog; path = Assets.xcassets; sourceTree = "<group>"; };
		4318B78B213124F2008D4926 /* Base */ = {isa = PBXFileReference; lastKnownFileType = file.storyboard; name = Base; path = Base.lproj/LaunchScreen.storyboard; sourceTree = "<group>"; };
		4318B78D213124F2008D4926 /* Info.plist */ = {isa = PBXFileReference; lastKnownFileType = text.plist.xml; path = Info.plist; sourceTree = "<group>"; };
		4318B792213124F3008D4926 /* ex-reactor-kitTests.xctest */ = {isa = PBXFileReference; explicitFileType = wrapper.cfbundle; includeInIndex = 0; path = "ex-reactor-kitTests.xctest"; sourceTree = BUILT_PRODUCTS_DIR; };
		4318B796213124F3008D4926 /* ex_reactor_kitTests.swift */ = {isa = PBXFileReference; lastKnownFileType = sourcecode.swift; path = ex_reactor_kitTests.swift; sourceTree = "<group>"; };
		4318B798213124F3008D4926 /* Info.plist */ = {isa = PBXFileReference; lastKnownFileType = text.plist.xml; path = Info.plist; sourceTree = "<group>"; };
		4318B79D213124F3008D4926 /* ex-reactor-kitUITests.xctest */ = {isa = PBXFileReference; explicitFileType = wrapper.cfbundle; includeInIndex = 0; path = "ex-reactor-kitUITests.xctest"; sourceTree = BUILT_PRODUCTS_DIR; };
		4318B7A1213124F3008D4926 /* ex_reactor_kitUITests.swift */ = {isa = PBXFileReference; lastKnownFileType = sourcecode.swift; path = ex_reactor_kitUITests.swift; sourceTree = "<group>"; };
		4318B7A3213124F3008D4926 /* Info.plist */ = {isa = PBXFileReference; lastKnownFileType = text.plist.xml; path = Info.plist; sourceTree = "<group>"; };
/* End PBXFileReference section */

/* Begin PBXFrameworksBuildPhase section */
		4318B77B213124F2008D4926 /* Frameworks */ = {
			isa = PBXFrameworksBuildPhase;
			buildActionMask = 2147483647;
			files = (
			);
			runOnlyForDeploymentPostprocessing = 0;
		};
		4318B78F213124F3008D4926 /* Frameworks */ = {
			isa = PBXFrameworksBuildPhase;
			buildActionMask = 2147483647;
			files = (
			);
			runOnlyForDeploymentPostprocessing = 0;
		};
		4318B79A213124F3008D4926 /* Frameworks */ = {
			isa = PBXFrameworksBuildPhase;
			buildActionMask = 2147483647;
			files = (
			);
			runOnlyForDeploymentPostprocessing = 0;
		};
/* End PBXFrameworksBuildPhase section */

/* Begin PBXGroup section */
		4318B775213124F2008D4926 = {
			isa = PBXGroup;
			children = (
				4318B780213124F2008D4926 /* ex-reactor-kit */,
				4318B795213124F3008D4926 /* ex-reactor-kitTests */,
				4318B7A0213124F3008D4926 /* ex-reactor-kitUITests */,
				4318B77F213124F2008D4926 /* Products */,
			);
			sourceTree = "<group>";
		};
		4318B77F213124F2008D4926 /* Products */ = {
			isa = PBXGroup;
			children = (
				4318B77E213124F2008D4926 /* ex-reactor-kit.app */,
				4318B792213124F3008D4926 /* ex-reactor-kitTests.xctest */,
				4318B79D213124F3008D4926 /* ex-reactor-kitUITests.xctest */,
			);
			name = Products;
			sourceTree = "<group>";
		};
		4318B780213124F2008D4926 /* ex-reactor-kit */ = {
			isa = PBXGroup;
			children = (
				4318B781213124F2008D4926 /* AppDelegate.swift */,
				4318B783213124F2008D4926 /* ViewController.swift */,
				4318B785213124F2008D4926 /* Main.storyboard */,
				4318B788213124F2008D4926 /* Assets.xcassets */,
				4318B78A213124F2008D4926 /* LaunchScreen.storyboard */,
				4318B78D213124F2008D4926 /* Info.plist */,
			);
			path = "ex-reactor-kit";
			sourceTree = "<group>";
		};
		4318B795213124F3008D4926 /* ex-reactor-kitTests */ = {
			isa = PBXGroup;
			children = (
				4318B796213124F3008D4926 /* ex_reactor_kitTests.swift */,
				4318B798213124F3008D4926 /* Info.plist */,
			);
			path = "ex-reactor-kitTests";
			sourceTree = "<group>";
		};
		4318B7A0213124F3008D4926 /* ex-reactor-kitUITests */ = {
			isa = PBXGroup;
			children = (
				4318B7A1213124F3008D4926 /* ex_reactor_kitUITests.swift */,
				4318B7A3213124F3008D4926 /* Info.plist */,
			);
			path = "ex-reactor-kitUITests";
			sourceTree = "<group>";
		};
/* End PBXGroup section */

/* Begin PBXNativeTarget section */
		4318B77D213124F2008D4926 /* ex-reactor-kit */ = {
			isa = PBXNativeTarget;
			buildConfigurationList = 4318B7A6213124F3008D4926 /* Build configuration list for PBXNativeTarget "ex-reactor-kit" */;
			buildPhases = (
				4318B77A213124F2008D4926 /* Sources */,
				4318B77B213124F2008D4926 /* Frameworks */,
				4318B77C213124F2008D4926 /* Resources */,
			);
			buildRules = (
			);
			dependencies = (
			);
			name = "ex-reactor-kit";
			productName = "ex-reactor-kit";
			productReference = 4318B77E213124F2008D4926 /* ex-reactor-kit.app */;
			productType = "com.apple.product-type.application";
		};
		4318B791213124F3008D4926 /* ex-reactor-kitTests */ = {
			isa = PBXNativeTarget;
			buildConfigurationList = 4318B7A9213124F3008D4926 /* Build configuration list for PBXNativeTarget "ex-reactor-kitTests" */;
			buildPhases = (
				4318B78E213124F3008D4926 /* Sources */,
				4318B78F213124F3008D4926 /* Frameworks */,
				4318B790213124F3008D4926 /* Resources */,
			);
			buildRules = (
			);
			dependencies = (
				4318B794213124F3008D4926 /* PBXTargetDependency */,
			);
			name = "ex-reactor-kitTests";
			productName = "ex-reactor-kitTests";
			productReference = 4318B792213124F3008D4926 /* ex-reactor-kitTests.xctest */;
			productType = "com.apple.product-type.bundle.unit-test";
		};
		4318B79C213124F3008D4926 /* ex-reactor-kitUITests */ = {
			isa = PBXNativeTarget;
			buildConfigurationList = 4318B7AC213124F3008D4926 /* Build configuration list for PBXNativeTarget "ex-reactor-kitUITests" */;
			buildPhases = (
				4318B799213124F3008D4926 /* Sources */,
				4318B79A213124F3008D4926 /* Frameworks */,
				4318B79B213124F3008D4926 /* Resources */,
			);
			buildRules = (
			);
			dependencies = (
				4318B79F213124F3008D4926 /* PBXTargetDependency */,
			);
			name = "ex-reactor-kitUITests";
			productName = "ex-reactor-kitUITests";
			productReference = 4318B79D213124F3008D4926 /* ex-reactor-kitUITests.xctest */;
			productType = "com.apple.product-type.bundle.ui-testing";
		};
/* End PBXNativeTarget section */

/* Begin PBXProject section */
		4318B776213124F2008D4926 /* Project object */ = {
			isa = PBXProject;
			attributes = {
				LastSwiftUpdateCheck = 0930;
				LastUpgradeCheck = 0930;
				ORGANIZATIONNAME = maeman;
				TargetAttributes = {
					4318B77D213124F2008D4926 = {
						CreatedOnToolsVersion = 9.3.1;
					};
					4318B791213124F3008D4926 = {
						CreatedOnToolsVersion = 9.3.1;
						TestTargetID = 4318B77D213124F2008D4926;
					};
					4318B79C213124F3008D4926 = {
						CreatedOnToolsVersion = 9.3.1;
						TestTargetID = 4318B77D213124F2008D4926;
					};
				};
			};
			buildConfigurationList = 4318B779213124F2008D4926 /* Build configuration list for PBXProject "ex-reactor-kit" */;
			compatibilityVersion = "Xcode 9.3";
			developmentRegion = en;
			hasScannedForEncodings = 0;
			knownRegions = (
				en,
				Base,
			);
			mainGroup = 4318B775213124F2008D4926;
			productRefGroup = 4318B77F213124F2008D4926 /* Products */;
			projectDirPath = "";
			projectRoot = "";
			targets = (
				4318B77D213124F2008D4926 /* ex-reactor-kit */,
				4318B791213124F3008D4926 /* ex-reactor-kitTests */,
				4318B79C213124F3008D4926 /* ex-reactor-kitUITests */,
			);
		};
/* End PBXProject section */

/* Begin PBXResourcesBuildPhase section */
		4318B77C213124F2008D4926 /* Resources */ = {
			isa = PBXResourcesBuildPhase;
			buildActionMask = 2147483647;
			files = (
				4318B78C213124F2008D4926 /* LaunchScreen.storyboard in Resources */,
				4318B789213124F2008D4926 /* Assets.xcassets in Resources */,
				4318B787213124F2008D4926 /* Main.storyboard in Resources */,
			);
			runOnlyForDeploymentPostprocessing = 0;
		};
		4318B790213124F3008D4926 /* Resources */ = {
			isa = PBXResourcesBuildPhase;
			buildActionMask = 2147483647;
			files = (
			);
			runOnlyForDeploymentPostprocessing = 0;
		};
		4318B79B213124F3008D4926 /* Resources */ = {
			isa = PBXResourcesBuildPhase;
			buildActionMask = 2147483647;
			files = (
			);
			runOnlyForDeploymentPostprocessing = 0;
		};
/* End PBXResourcesBuildPhase section */

/* Begin PBXSourcesBuildPhase section */
		4318B77A213124F2008D4926 /* Sources */ = {
			isa = PBXSourcesBuildPhase;
			buildActionMask = 2147483647;
			files = (
				4318B784213124F2008D4926 /* ViewController.swift in Sources */,
				4318B782213124F2008D4926 /* AppDelegate.swift in Sources */,
			);
			runOnlyForDeploymentPostprocessing = 0;
		};
		4318B78E213124F3008D4926 /* Sources */ = {
			isa = PBXSourcesBuildPhase;
			buildActionMask = 2147483647;
			files = (
				4318B797213124F3008D4926 /* ex_reactor_kitTests.swift in Sources */,
			);
			runOnlyForDeploymentPostprocessing = 0;
		};
		4318B799213124F3008D4926 /* Sources */ = {
			isa = PBXSourcesBuildPhase;
			buildActionMask = 2147483647;
			files = (
				4318B7A2213124F3008D4926 /* ex_reactor_kitUITests.swift in Sources */,
			);
			runOnlyForDeploymentPostprocessing = 0;
		};
/* End PBXSourcesBuildPhase section */

/* Begin PBXTargetDependency section */
		4318B794213124F3008D4926 /* PBXTargetDependency */ = {
			isa = PBXTargetDependency;
			target = 4318B77D213124F2008D4926 /* ex-reactor-kit */;
			targetProxy = 4318B793213124F3008D4926 /* PBXContainerItemProxy */;
		};
		4318B79F213124F3008D4926 /* PBXTargetDependency */ = {
			isa = PBXTargetDependency;
			target = 4318B77D213124F2008D4926 /* ex-reactor-kit */;
			targetProxy = 4318B79E213124F3008D4926 /* PBXContainerItemProxy */;
		};
/* End PBXTargetDependency section */

/* Begin PBXVariantGroup section */
		4318B785213124F2008D4926 /* Main.storyboard */ = {
			isa = PBXVariantGroup;
			children = (
				4318B786213124F2008D4926 /* Base */,
			);
			name = Main.storyboard;
			sourceTree = "<group>";
		};
		4318B78A213124F2008D4926 /* LaunchScreen.storyboard */ = {
			isa = PBXVariantGroup;
			children = (
				4318B78B213124F2008D4926 /* Base */,
			);
			name = LaunchScreen.storyboard;
			sourceTree = "<group>";
		};
/* End PBXVariantGroup section */

/* Begin XCBuildConfiguration section */
		4318B7A4213124F3008D4926 /* Debug */ = {
			isa = XCBuildConfiguration;
			buildSettings = {
				ALWAYS_SEARCH_USER_PATHS = NO;
				CLANG_ANALYZER_NONNULL = YES;
				CLANG_ANALYZER_NUMBER_OBJECT_CONVERSION = YES_AGGRESSIVE;
				CLANG_CXX_LANGUAGE_STANDARD = "gnu++14";
				CLANG_CXX_LIBRARY = "libc++";
				CLANG_ENABLE_MODULES = YES;
				CLANG_ENABLE_OBJC_ARC = YES;
				CLANG_ENABLE_OBJC_WEAK = YES;
				CLANG_WARN_BLOCK_CAPTURE_AUTORELEASING = YES;
				CLANG_WARN_BOOL_CONVERSION = YES;
				CLANG_WARN_COMMA = YES;
				CLANG_WARN_CONSTANT_CONVERSION = YES;
				CLANG_WARN_DEPRECATED_OBJC_IMPLEMENTATIONS = YES;
				CLANG_WARN_DIRECT_OBJC_ISA_USAGE = YES_ERROR;
				CLANG_WARN_DOCUMENTATION_COMMENTS = YES;
				CLANG_WARN_EMPTY_BODY = YES;
				CLANG_WARN_ENUM_CONVERSION = YES;
				CLANG_WARN_INFINITE_RECURSION = YES;
				CLANG_WARN_INT_CONVERSION = YES;
				CLANG_WARN_NON_LITERAL_NULL_CONVERSION = YES;
				CLANG_WARN_OBJC_IMPLICIT_RETAIN_SELF = YES;
				CLANG_WARN_OBJC_LITERAL_CONVERSION = YES;
				CLANG_WARN_OBJC_ROOT_CLASS = YES_ERROR;
				CLANG_WARN_RANGE_LOOP_ANALYSIS = YES;
				CLANG_WARN_STRICT_PROTOTYPES = YES;
				CLANG_WARN_SUSPICIOUS_MOVE = YES;
				CLANG_WARN_UNGUARDED_AVAILABILITY = YES_AGGRESSIVE;
				CLANG_WARN_UNREACHABLE_CODE = YES;
				CLANG_WARN__DUPLICATE_METHOD_MATCH = YES;
				CODE_SIGN_IDENTITY = "iPhone Developer";
				COPY_PHASE_STRIP = NO;
				DEBUG_INFORMATION_FORMAT = dwarf;
				ENABLE_STRICT_OBJC_MSGSEND = YES;
				ENABLE_TESTABILITY = YES;
				GCC_C_LANGUAGE_STANDARD = gnu11;
				GCC_DYNAMIC_NO_PIC = NO;
				GCC_NO_COMMON_BLOCKS = YES;
				GCC_OPTIMIZATION_LEVEL = 0;
				GCC_PREPROCESSOR_DEFINITIONS = (
					"DEBUG=1",
					"$(inherited)",
				);
				GCC_WARN_64_TO_32_BIT_CONVERSION = YES;
				GCC_WARN_ABOUT_RETURN_TYPE = YES_ERROR;
				GCC_WARN_UNDECLARED_SELECTOR = YES;
				GCC_WARN_UNINITIALIZED_AUTOS = YES_AGGRESSIVE;
				GCC_WARN_UNUSED_FUNCTION = YES;
				GCC_WARN_UNUSED_VARIABLE = YES;
				IPHONEOS_DEPLOYMENT_TARGET = 11.3;
				MTL_ENABLE_DEBUG_INFO = YES;
				ONLY_ACTIVE_ARCH = YES;
				SDKROOT = iphoneos;
				SWIFT_ACTIVE_COMPILATION_CONDITIONS = DEBUG;
				SWIFT_OPTIMIZATION_LEVEL = "-Onone";
			};
			name = Debug;
		};
		4318B7A5213124F3008D4926 /* Release */ = {
			isa = XCBuildConfiguration;
			buildSettings = {
				ALWAYS_SEARCH_USER_PATHS = NO;
				CLANG_ANALYZER_NONNULL = YES;
				CLANG_ANALYZER_NUMBER_OBJECT_CONVERSION = YES_AGGRESSIVE;
				CLANG_CXX_LANGUAGE_STANDARD = "gnu++14";
				CLANG_CXX_LIBRARY = "libc++";
				CLANG_ENABLE_MODULES = YES;
				CLANG_ENABLE_OBJC_ARC = YES;
				CLANG_ENABLE_OBJC_WEAK = YES;
				CLANG_WARN_BLOCK_CAPTURE_AUTORELEASING = YES;
				CLANG_WARN_BOOL_CONVERSION = YES;
				CLANG_WARN_COMMA = YES;
				CLANG_WARN_CONSTANT_CONVERSION = YES;
				CLANG_WARN_DEPRECATED_OBJC_IMPLEMENTATIONS = YES;
				CLANG_WARN_DIRECT_OBJC_ISA_USAGE = YES_ERROR;
				CLANG_WARN_DOCUMENTATION_COMMENTS = YES;
				CLANG_WARN_EMPTY_BODY = YES;
				CLANG_WARN_ENUM_CONVERSION = YES;
				CLANG_WARN_INFINITE_RECURSION = YES;
				CLANG_WARN_INT_CONVERSION = YES;
				CLANG_WARN_NON_LITERAL_NULL_CONVERSION = YES;
				CLANG_WARN_OBJC_IMPLICIT_RETAIN_SELF = YES;
				CLANG_WARN_OBJC_LITERAL_CONVERSION = YES;
				CLANG_WARN_OBJC_ROOT_CLASS = YES_ERROR;
				CLANG_WARN_RANGE_LOOP_ANALYSIS = YES;
				CLANG_WARN_STRICT_PROTOTYPES = YES;
				CLANG_WARN_SUSPICIOUS_MOVE = YES;
				CLANG_WARN_UNGUARDED_AVAILABILITY = YES_AGGRESSIVE;
				CLANG_WARN_UNREACHABLE_CODE = YES;
				CLANG_WARN__DUPLICATE_METHOD_MATCH = YES;
				CODE_SIGN_IDENTITY = "iPhone Developer";
				COPY_PHASE_STRIP = NO;
				DEBUG_INFORMATION_FORMAT = "dwarf-with-dsym";
				ENABLE_NS_ASSERTIONS = NO;
				ENABLE_STRICT_OBJC_MSGSEND = YES;
				GCC_C_LANGUAGE_STANDARD = gnu11;
				GCC_NO_COMMON_BLOCKS = YES;
				GCC_WARN_64_TO_32_BIT_CONVERSION = YES;
				GCC_WARN_ABOUT_RETURN_TYPE = YES_ERROR;
				GCC_WARN_UNDECLARED_SELECTOR = YES;
				GCC_WARN_UNINITIALIZED_AUTOS = YES_AGGRESSIVE;
				GCC_WARN_UNUSED_FUNCTION = YES;
				GCC_WARN_UNUSED_VARIABLE = YES;
				IPHONEOS_DEPLOYMENT_TARGET = 11.3;
				MTL_ENABLE_DEBUG_INFO = NO;
				SDKROOT = iphoneos;
				SWIFT_COMPILATION_MODE = wholemodule;
				SWIFT_OPTIMIZATION_LEVEL = "-O";
				VALIDATE_PRODUCT = YES;
			};
			name = Release;
		};
		4318B7A7213124F3008D4926 /* Debug */ = {
			isa = XCBuildConfiguration;
			buildSettings = {
				ASSETCATALOG_COMPILER_APPICON_NAME = AppIcon;
				CODE_SIGN_STYLE = Automatic;
				DEVELOPMENT_TEAM = MZTJUM52D7;
				INFOPLIST_FILE = "ex-reactor-kit/Info.plist";
				LD_RUNPATH_SEARCH_PATHS = (
					"$(inherited)",
					"@executable_path/Frameworks",
				);
				PRODUCT_BUNDLE_IDENTIFIER = "maeman.ex-reactor-kit";
				PRODUCT_NAME = "$(TARGET_NAME)";
				SWIFT_VERSION = 4.0;
				TARGETED_DEVICE_FAMILY = "1,2";
			};
			name = Debug;
		};
		4318B7A8213124F3008D4926 /* Release */ = {
			isa = XCBuildConfiguration;
			buildSettings = {
				ASSETCATALOG_COMPILER_APPICON_NAME = AppIcon;
				CODE_SIGN_STYLE = Automatic;
				DEVELOPMENT_TEAM = MZTJUM52D7;
				INFOPLIST_FILE = "ex-reactor-kit/Info.plist";
				LD_RUNPATH_SEARCH_PATHS = (
					"$(inherited)",
					"@executable_path/Frameworks",
				);
				PRODUCT_BUNDLE_IDENTIFIER = "maeman.ex-reactor-kit";
				PRODUCT_NAME = "$(TARGET_NAME)";
				SWIFT_VERSION = 4.0;
				TARGETED_DEVICE_FAMILY = "1,2";
			};
			name = Release;
		};
		4318B7AA213124F3008D4926 /* Debug */ = {
			isa = XCBuildConfiguration;
			buildSettings = {
				ALWAYS_EMBED_SWIFT_STANDARD_LIBRARIES = YES;
				BUNDLE_LOADER = "$(TEST_HOST)";
				CODE_SIGN_STYLE = Automatic;
				DEVELOPMENT_TEAM = MZTJUM52D7;
				INFOPLIST_FILE = "ex-reactor-kitTests/Info.plist";
				LD_RUNPATH_SEARCH_PATHS = (
					"$(inherited)",
					"@executable_path/Frameworks",
					"@loader_path/Frameworks",
				);
				PRODUCT_BUNDLE_IDENTIFIER = "maeman.ex-reactor-kitTests";
				PRODUCT_NAME = "$(TARGET_NAME)";
				SWIFT_VERSION = 4.0;
				TARGETED_DEVICE_FAMILY = "1,2";
				TEST_HOST = "$(BUILT_PRODUCTS_DIR)/ex-reactor-kit.app/ex-reactor-kit";
			};
			name = Debug;
		};
		4318B7AB213124F3008D4926 /* Release */ = {
			isa = XCBuildConfiguration;
			buildSettings = {
				ALWAYS_EMBED_SWIFT_STANDARD_LIBRARIES = YES;
				BUNDLE_LOADER = "$(TEST_HOST)";
				CODE_SIGN_STYLE = Automatic;
				DEVELOPMENT_TEAM = MZTJUM52D7;
				INFOPLIST_FILE = "ex-reactor-kitTests/Info.plist";
				LD_RUNPATH_SEARCH_PATHS = (
					"$(inherited)",
					"@executable_path/Frameworks",
					"@loader_path/Frameworks",
				);
				PRODUCT_BUNDLE_IDENTIFIER = "maeman.ex-reactor-kitTests";
				PRODUCT_NAME = "$(TARGET_NAME)";
				SWIFT_VERSION = 4.0;
				TARGETED_DEVICE_FAMILY = "1,2";
				TEST_HOST = "$(BUILT_PRODUCTS_DIR)/ex-reactor-kit.app/ex-reactor-kit";
			};
			name = Release;
		};
		4318B7AD213124F3008D4926 /* Debug */ = {
			isa = XCBuildConfiguration;
			buildSettings = {
				ALWAYS_EMBED_SWIFT_STANDARD_LIBRARIES = YES;
				CODE_SIGN_STYLE = Automatic;
				DEVELOPMENT_TEAM = MZTJUM52D7;
				INFOPLIST_FILE = "ex-reactor-kitUITests/Info.plist";
				LD_RUNPATH_SEARCH_PATHS = (
					"$(inherited)",
					"@executable_path/Frameworks",
					"@loader_path/Frameworks",
				);
				PRODUCT_BUNDLE_IDENTIFIER = "maeman.ex-reactor-kitUITests";
				PRODUCT_NAME = "$(TARGET_NAME)";
				SWIFT_VERSION = 4.0;
				TARGETED_DEVICE_FAMILY = "1,2";
				TEST_TARGET_NAME = "ex-reactor-kit";
			};
			name = Debug;
		};
		4318B7AE213124F3008D4926 /* Release */ = {
			isa = XCBuildConfiguration;
			buildSettings = {
				ALWAYS_EMBED_SWIFT_STANDARD_LIBRARIES = YES;
				CODE_SIGN_STYLE = Automatic;
				DEVELOPMENT_TEAM = MZTJUM52D7;
				INFOPLIST_FILE = "ex-reactor-kitUITests/Info.plist";
				LD_RUNPATH_SEARCH_PATHS = (
					"$(inherited)",
					"@executable_path/Frameworks",
					"@loader_path/Frameworks",
				);
				PRODUCT_BUNDLE_IDENTIFIER = "maeman.ex-reactor-kitUITests";
				PRODUCT_NAME = "$(TARGET_NAME)";
				SWIFT_VERSION = 4.0;
				TARGETED_DEVICE_FAMILY = "1,2";
				TEST_TARGET_NAME = "ex-reactor-kit";
			};
			name = Release;
		};
/* End XCBuildConfiguration section */

/* Begin XCConfigurationList section */
		4318B779213124F2008D4926 /* Build configuration list for PBXProject "ex-reactor-kit" */ = {
			isa = XCConfigurationList;
			buildConfigurations = (
				4318B7A4213124F3008D4926 /* Debug */,
				4318B7A5213124F3008D4926 /* Release */,
			);
			defaultConfigurationIsVisible = 0;
			defaultConfigurationName = Release;
		};
		4318B7A6213124F3008D4926 /* Build configuration list for PBXNativeTarget "ex-reactor-kit" */ = {
			isa = XCConfigurationList;
			buildConfigurations = (
				4318B7A7213124F3008D4926 /* Debug */,
				4318B7A8213124F3008D4926 /* Release */,
			);
			defaultConfigurationIsVisible = 0;
			defaultConfigurationName = Release;
		};
		4318B7A9213124F3008D4926 /* Build configuration list for PBXNativeTarget "ex-reactor-kitTests" */ = {
			isa = XCConfigurationList;
			buildConfigurations = (
				4318B7AA213124F3008D4926 /* Debug */,
				4318B7AB213124F3008D4926 /* Release */,
			);
			defaultConfigurationIsVisible = 0;
			defaultConfigurationName = Release;
		};
		4318B7AC213124F3008D4926 /* Build configuration list for PBXNativeTarget "ex-reactor-kitUITests" */ = {
			isa = XCConfigurationList;
			buildConfigurations = (
				4318B7AD213124F3008D4926 /* Debug */,
				4318B7AE213124F3008D4926 /* Release */,
			);
			defaultConfigurationIsVisible = 0;
			defaultConfigurationName = Release;
		};
/* End XCConfigurationList section */
	};
	rootObject = 4318B776213124F2008D4926 /* Project object */;
}
